<?xml version="1.0" encoding="utf-8"?>
<Project ToolsVersion="4.0" xmlns="http://schemas.microsoft.com/developer/msbuild/2003">
  <ItemGroup>
    <Filter Include="Source Files">
      <UniqueIdentifier>{4FC737F1-C7A5-4376-A066-2A32D752A2FF}</UniqueIdentifier>
      <Extensions>cpp;c;cc;cxx;c++;cppm;ixx;def;odl;idl;hpj;bat;asm;asmx</Extensions>
    </Filter>
    <Filter Include="Header Files">
      <UniqueIdentifier>{93995380-89BD-4b04-88EB-625FBE52EBFB}</UniqueIdentifier>
      <Extensions>h;hh;hpp;hxx;h++;hm;inl;inc;ipp;xsd</Extensions>
    </Filter>
    <Filter Include="Resource Files">
      <UniqueIdentifier>{67DA6AB6-F800-4c08-8B7A-83BB121AAD01}</UniqueIdentifier>
      <Extensions>rc;ico;cur;bmp;dlg;rc2;rct;bin;rgs;gif;jpg;jpeg;jpe;resx;tiff;tif;png;wav;mfcribbon-ms</Extensions>
    </Filter>
    <Filter Include="Shapes">
      <UniqueIdentifier>{a245284b-c4d8-41ea-a608-73ed268a3f1e}</UniqueIdentifier>
    </Filter>
  </ItemGroup>
  <ItemGroup>
    <ClCompile Include="Factory.cpp">
      <Filter>Source Files</Filter>
    </ClCompile>
  </ItemGroup>
  <ItemGroup>
    <ClInclude Include="IShapeFactory.h">
      <Filter>Header Files</Filter>
    </ClInclude>
    <ClInclude Include="CShape.h">
      <Filter>Shapes</Filter>
    </ClInclude>
    <ClInclude Include="CShapeFactory.h">
      <Filter>Header Files</Filter>
    </ClInclude>
    <ClInclude Include="CRectangle.h">
      <Filter>Shapes</Filter>
    </ClInclude>
    <ClInclude Include="ICanvas.h">
      <Filter>Header Files</Filter>
    </ClInclude>
    <ClInclude Include="CCanvas.h">
      <Filter>Header Files</Filter>
    </ClInclude>
    <ClInclude Include="CTriangle.h">
      <Filter>Shapes</Filter>
    </ClInclude>
    <ClInclude Include="Point.h">
      <Filter>Header Files</Filter>
    </ClInclude>
    <ClInclude Include="CEllipse.h">
      <Filter>Shapes</Filter>
    </ClInclude>
    <ClInclude Include="CRegularPolygon.h">
      <Filter>Shapes</Filter>
    </ClInclude>
    <ClInclude Include="Color.h">
      <Filter>Header Files</Filter>
    </ClInclude>
    <ClInclude Include="IDesigner.h">
      <Filter>Header Files</Filter>
    </ClInclude>
    <ClInclude Include="CDesigner.h">
      <Filter>Header Files</Filter>
    </ClInclude>
    <ClInclude Include="CPictureDraft.h">
      <Filter>Header Files</Filter>
    </ClInclude>
    <ClInclude Include="CDrawer.h">
      <Filter>Header Files</Filter>
    </ClInclude>
  </ItemGroup>
</Project>